// !$*UTF8*$!
{
	archiveVersion = 1;
	classes = {
	};
	objectVersion = 46;
	objects = {

/* Begin PBXBuildFile section */
		7B2EE7A41DF46E34009F6968 /* WorkingVk.swift in Sources */ = {isa = PBXBuildFile; fileRef = 7B2EE7A31DF46E34009F6968 /* WorkingVk.swift */; };
		7BF0F43A1DF1E50B00285298 /* AppDelegate.swift in Sources */ = {isa = PBXBuildFile; fileRef = 7BF0F4391DF1E50B00285298 /* AppDelegate.swift */; };
		7BF0F43C1DF1E50B00285298 /* AppsViewController.swift in Sources */ = {isa = PBXBuildFile; fileRef = 7BF0F43B1DF1E50B00285298 /* AppsViewController.swift */; };
		7BF0F43F1DF1E50B00285298 /* Main.storyboard in Resources */ = {isa = PBXBuildFile; fileRef = 7BF0F43D1DF1E50B00285298 /* Main.storyboard */; };
		7BF0F4411DF1E50B00285298 /* Assets.xcassets in Resources */ = {isa = PBXBuildFile; fileRef = 7BF0F4401DF1E50B00285298 /* Assets.xcassets */; };
		7BF0F4441DF1E50B00285298 /* LaunchScreen.storyboard in Resources */ = {isa = PBXBuildFile; fileRef = 7BF0F4421DF1E50B00285298 /* LaunchScreen.storyboard */; };
		7BF0F44C1DF1E80000285298 /* ChatsViewController.swift in Sources */ = {isa = PBXBuildFile; fileRef = 7BF0F44B1DF1E80000285298 /* ChatsViewController.swift */; };
		7BF0F44E1DF1EA9D00285298 /* SettingsViewController.swift in Sources */ = {isa = PBXBuildFile; fileRef = 7BF0F44D1DF1EA9D00285298 /* SettingsViewController.swift */; };
		7BF0F4501DF1EE9A00285298 /* ChatVKViewController.swift in Sources */ = {isa = PBXBuildFile; fileRef = 7BF0F44F1DF1EE9A00285298 /* ChatVKViewController.swift */; };
		7BF0F4521DF1F42400285298 /* ChatClass.swift in Sources */ = {isa = PBXBuildFile; fileRef = 7BF0F4511DF1F42300285298 /* ChatClass.swift */; };
		7BF0F4541DF1F48500285298 /* MessageClass.swift in Sources */ = {isa = PBXBuildFile; fileRef = 7BF0F4531DF1F48500285298 /* MessageClass.swift */; };
		7BF0F4571DF2036800285298 /* ChatTableViewCell.swift in Sources */ = {isa = PBXBuildFile; fileRef = 7BF0F4551DF2036800285298 /* ChatTableViewCell.swift */; };
		7BF0F4581DF2036800285298 /* ChatTableViewCell.xib in Resources */ = {isa = PBXBuildFile; fileRef = 7BF0F4561DF2036800285298 /* ChatTableViewCell.xib */; };
		7BF0F45B1DF2038000285298 /* MessageTableViewCell.swift in Sources */ = {isa = PBXBuildFile; fileRef = 7BF0F4591DF2038000285298 /* MessageTableViewCell.swift */; };
		7BF0F45C1DF2038000285298 /* MessageTableViewCell.xib in Resources */ = {isa = PBXBuildFile; fileRef = 7BF0F45A1DF2038000285298 /* MessageTableViewCell.xib */; };
		7BF0F45E1DF3314F00285298 /* VKManager.swift in Sources */ = {isa = PBXBuildFile; fileRef = 7BF0F45D1DF3314F00285298 /* VKManager.swift */; };
		7BF0F4601DF3316000285298 /* SwiftyVK.framework in Frameworks */ = {isa = PBXBuildFile; fileRef = 7BF0F45F1DF3316000285298 /* SwiftyVK.framework */; };
		7BF0F4621DF3327900285298 /* Constants.swift in Sources */ = {isa = PBXBuildFile; fileRef = 7BF0F4611DF3327900285298 /* Constants.swift */; };
		7BF0F4641DF3516A00285298 /* VKChooseViewController.swift in Sources */ = {isa = PBXBuildFile; fileRef = 7BF0F4631DF3516A00285298 /* VKChooseViewController.swift */; };
		7BF0F4681DF35D2900285298 /* GroupsTableViewCell.swift in Sources */ = {isa = PBXBuildFile; fileRef = 7BF0F4661DF35D2900285298 /* GroupsTableViewCell.swift */; };
		7BF0F4691DF35D2900285298 /* GroupsTableViewCell.xib in Resources */ = {isa = PBXBuildFile; fileRef = 7BF0F4671DF35D2900285298 /* GroupsTableViewCell.xib */; };
		7BF0F46B1DF36B1F00285298 /* ChooseGroupClass.swift in Sources */ = {isa = PBXBuildFile; fileRef = 7BF0F46A1DF36B1F00285298 /* ChooseGroupClass.swift */; };
		7BF0F46F1DF3798900285298 /* SDWebImage.framework in Frameworks */ = {isa = PBXBuildFile; fileRef = 7BF0F46E1DF3798900285298 /* SDWebImage.framework */; };
		FE9FD86F3619F02F115020EB /* Pods_socialMilk.framework in Frameworks */ = {isa = PBXBuildFile; fileRef = 3C680469C18A3008203EE1E9 /* Pods_socialMilk.framework */; };
/* End PBXBuildFile section */

/* Begin PBXFileReference section */
		3C680469C18A3008203EE1E9 /* Pods_socialMilk.framework */ = {isa = PBXFileReference; explicitFileType = wrapper.framework; includeInIndex = 0; path = Pods_socialMilk.framework; sourceTree = BUILT_PRODUCTS_DIR; };
		7B2EE7A31DF46E34009F6968 /* WorkingVk.swift */ = {isa = PBXFileReference; fileEncoding = 4; lastKnownFileType = sourcecode.swift; path = WorkingVk.swift; sourceTree = "<group>"; };
		7BF0F4361DF1E50B00285298 /* socialMilk.app */ = {isa = PBXFileReference; explicitFileType = wrapper.application; includeInIndex = 0; path = socialMilk.app; sourceTree = BUILT_PRODUCTS_DIR; };
		7BF0F4391DF1E50B00285298 /* AppDelegate.swift */ = {isa = PBXFileReference; lastKnownFileType = sourcecode.swift; path = AppDelegate.swift; sourceTree = "<group>"; };
		7BF0F43B1DF1E50B00285298 /* AppsViewController.swift */ = {isa = PBXFileReference; lastKnownFileType = sourcecode.swift; path = AppsViewController.swift; sourceTree = "<group>"; };
		7BF0F43E1DF1E50B00285298 /* Base */ = {isa = PBXFileReference; lastKnownFileType = file.storyboard; name = Base; path = Base.lproj/Main.storyboard; sourceTree = "<group>"; };
		7BF0F4401DF1E50B00285298 /* Assets.xcassets */ = {isa = PBXFileReference; lastKnownFileType = folder.assetcatalog; path = Assets.xcassets; sourceTree = "<group>"; };
		7BF0F4431DF1E50B00285298 /* Base */ = {isa = PBXFileReference; lastKnownFileType = file.storyboard; name = Base; path = Base.lproj/LaunchScreen.storyboard; sourceTree = "<group>"; };
		7BF0F4451DF1E50B00285298 /* Info.plist */ = {isa = PBXFileReference; lastKnownFileType = text.plist.xml; path = Info.plist; sourceTree = "<group>"; };
		7BF0F44B1DF1E80000285298 /* ChatsViewController.swift */ = {isa = PBXFileReference; fileEncoding = 4; lastKnownFileType = sourcecode.swift; path = ChatsViewController.swift; sourceTree = "<group>"; };
		7BF0F44D1DF1EA9D00285298 /* SettingsViewController.swift */ = {isa = PBXFileReference; fileEncoding = 4; lastKnownFileType = sourcecode.swift; path = SettingsViewController.swift; sourceTree = "<group>"; };
		7BF0F44F1DF1EE9A00285298 /* ChatVKViewController.swift */ = {isa = PBXFileReference; fileEncoding = 4; lastKnownFileType = sourcecode.swift; path = ChatVKViewController.swift; sourceTree = "<group>"; };
		7BF0F4511DF1F42300285298 /* ChatClass.swift */ = {isa = PBXFileReference; fileEncoding = 4; lastKnownFileType = sourcecode.swift; path = ChatClass.swift; sourceTree = "<group>"; };
		7BF0F4531DF1F48500285298 /* MessageClass.swift */ = {isa = PBXFileReference; fileEncoding = 4; lastKnownFileType = sourcecode.swift; path = MessageClass.swift; sourceTree = "<group>"; };
		7BF0F4551DF2036800285298 /* ChatTableViewCell.swift */ = {isa = PBXFileReference; fileEncoding = 4; lastKnownFileType = sourcecode.swift; path = ChatTableViewCell.swift; sourceTree = "<group>"; };
		7BF0F4561DF2036800285298 /* ChatTableViewCell.xib */ = {isa = PBXFileReference; fileEncoding = 4; lastKnownFileType = file.xib; path = ChatTableViewCell.xib; sourceTree = "<group>"; };
		7BF0F4591DF2038000285298 /* MessageTableViewCell.swift */ = {isa = PBXFileReference; fileEncoding = 4; lastKnownFileType = sourcecode.swift; path = MessageTableViewCell.swift; sourceTree = "<group>"; };
		7BF0F45A1DF2038000285298 /* MessageTableViewCell.xib */ = {isa = PBXFileReference; fileEncoding = 4; lastKnownFileType = file.xib; path = MessageTableViewCell.xib; sourceTree = "<group>"; };
		7BF0F45D1DF3314F00285298 /* VKManager.swift */ = {isa = PBXFileReference; fileEncoding = 4; lastKnownFileType = sourcecode.swift; path = VKManager.swift; sourceTree = "<group>"; };
		7BF0F45F1DF3316000285298 /* SwiftyVK.framework */ = {isa = PBXFileReference; lastKnownFileType = wrapper.framework; name = SwiftyVK.framework; path = "../../../../Library/Developer/Xcode/DerivedData/socialMilk-adrtdxgusxucxfcfjyiujrvhvldu/Build/Products/Debug-iphonesimulator/SwiftyVK/SwiftyVK.framework"; sourceTree = "<group>"; };
		7BF0F4611DF3327900285298 /* Constants.swift */ = {isa = PBXFileReference; fileEncoding = 4; lastKnownFileType = sourcecode.swift; path = Constants.swift; sourceTree = "<group>"; };
		7BF0F4631DF3516A00285298 /* VKChooseViewController.swift */ = {isa = PBXFileReference; fileEncoding = 4; lastKnownFileType = sourcecode.swift; path = VKChooseViewController.swift; sourceTree = "<group>"; };
		7BF0F4661DF35D2900285298 /* GroupsTableViewCell.swift */ = {isa = PBXFileReference; fileEncoding = 4; lastKnownFileType = sourcecode.swift; path = GroupsTableViewCell.swift; sourceTree = "<group>"; };
		7BF0F4671DF35D2900285298 /* GroupsTableViewCell.xib */ = {isa = PBXFileReference; fileEncoding = 4; lastKnownFileType = file.xib; path = GroupsTableViewCell.xib; sourceTree = "<group>"; };
		7BF0F46A1DF36B1F00285298 /* ChooseGroupClass.swift */ = {isa = PBXFileReference; fileEncoding = 4; lastKnownFileType = sourcecode.swift; path = ChooseGroupClass.swift; sourceTree = "<group>"; };
		7BF0F46E1DF3798900285298 /* SDWebImage.framework */ = {isa = PBXFileReference; lastKnownFileType = wrapper.framework; name = SDWebImage.framework; path = "../../../../Library/Developer/Xcode/DerivedData/socialMilk-adrtdxgusxucxfcfjyiujrvhvldu/Build/Products/Debug-iphonesimulator/SDWebImage/SDWebImage.framework"; sourceTree = "<group>"; };
		C8483424513B008EF6C051F9 /* Pods-socialMilk.release.xcconfig */ = {isa = PBXFileReference; includeInIndex = 1; lastKnownFileType = text.xcconfig; name = "Pods-socialMilk.release.xcconfig"; path = "Pods/Target Support Files/Pods-socialMilk/Pods-socialMilk.release.xcconfig"; sourceTree = "<group>"; };
		F6C580B4AE3B5A14E39255DD /* Pods-socialMilk.debug.xcconfig */ = {isa = PBXFileReference; includeInIndex = 1; lastKnownFileType = text.xcconfig; name = "Pods-socialMilk.debug.xcconfig"; path = "Pods/Target Support Files/Pods-socialMilk/Pods-socialMilk.debug.xcconfig"; sourceTree = "<group>"; };
/* End PBXFileReference section */

/* Begin PBXFrameworksBuildPhase section */
		7BF0F4331DF1E50B00285298 /* Frameworks */ = {
			isa = PBXFrameworksBuildPhase;
			buildActionMask = 2147483647;
			files = (
				7BF0F46F1DF3798900285298 /* SDWebImage.framework in Frameworks */,
				7BF0F4601DF3316000285298 /* SwiftyVK.framework in Frameworks */,
				FE9FD86F3619F02F115020EB /* Pods_socialMilk.framework in Frameworks */,
			);
			runOnlyForDeploymentPostprocessing = 0;
		};
/* End PBXFrameworksBuildPhase section */

/* Begin PBXGroup section */
		7BF0F42D1DF1E50B00285298 = {
			isa = PBXGroup;
			children = (
				7BF0F4381DF1E50B00285298 /* socialMilk */,
				7BF0F4371DF1E50B00285298 /* Products */,
				96830B9F6B487D8E27CE5D23 /* Pods */,
				C1DE064BC00740E057D27DE9 /* Frameworks */,
			);
			sourceTree = "<group>";
		};
		7BF0F4371DF1E50B00285298 /* Products */ = {
			isa = PBXGroup;
			children = (
				7BF0F4361DF1E50B00285298 /* socialMilk.app */,
			);
			name = Products;
			sourceTree = "<group>";
		};
		7BF0F4381DF1E50B00285298 /* socialMilk */ = {
			isa = PBXGroup;
			children = (
				7BF0F4391DF1E50B00285298 /* AppDelegate.swift */,
				7BF0F4651DF35CFC00285298 /* Cells */,
				7BF0F46C1DF36BD800285298 /* InitialClasses */,
				7BF0F46D1DF36C2200285298 /* View Controllers */,
				7BF0F43D1DF1E50B00285298 /* Main.storyboard */,
				7BF0F4401DF1E50B00285298 /* Assets.xcassets */,
				7BF0F4421DF1E50B00285298 /* LaunchScreen.storyboard */,
				7BF0F4451DF1E50B00285298 /* Info.plist */,
			);
			path = socialMilk;
			sourceTree = "<group>";
		};
		7BF0F4651DF35CFC00285298 /* Cells */ = {
			isa = PBXGroup;
			children = (
				7BF0F4551DF2036800285298 /* ChatTableViewCell.swift */,
				7BF0F4561DF2036800285298 /* ChatTableViewCell.xib */,
				7BF0F4591DF2038000285298 /* MessageTableViewCell.swift */,
				7BF0F45A1DF2038000285298 /* MessageTableViewCell.xib */,
				7BF0F4661DF35D2900285298 /* GroupsTableViewCell.swift */,
				7BF0F4671DF35D2900285298 /* GroupsTableViewCell.xib */,
			);
			name = Cells;
			sourceTree = "<group>";
		};
		7BF0F46C1DF36BD800285298 /* InitialClasses */ = {
			isa = PBXGroup;
			children = (
				7BF0F4511DF1F42300285298 /* ChatClass.swift */,
				7BF0F46A1DF36B1F00285298 /* ChooseGroupClass.swift */,
				7BF0F4531DF1F48500285298 /* MessageClass.swift */,
				7BF0F45D1DF3314F00285298 /* VKManager.swift */,
				7BF0F4611DF3327900285298 /* Constants.swift */,
				7B2EE7A31DF46E34009F6968 /* WorkingVk.swift */,
			);
			name = InitialClasses;
			sourceTree = "<group>";
		};
		7BF0F46D1DF36C2200285298 /* View Controllers */ = {
			isa = PBXGroup;
			children = (
				7BF0F43B1DF1E50B00285298 /* AppsViewController.swift */,
				7BF0F44B1DF1E80000285298 /* ChatsViewController.swift */,
				7BF0F44F1DF1EE9A00285298 /* ChatVKViewController.swift */,
				7BF0F44D1DF1EA9D00285298 /* SettingsViewController.swift */,
				7BF0F4631DF3516A00285298 /* VKChooseViewController.swift */,
			);
			name = "View Controllers";
			sourceTree = "<group>";
		};
		96830B9F6B487D8E27CE5D23 /* Pods */ = {
			isa = PBXGroup;
			children = (
				F6C580B4AE3B5A14E39255DD /* Pods-socialMilk.debug.xcconfig */,
				C8483424513B008EF6C051F9 /* Pods-socialMilk.release.xcconfig */,
			);
			name = Pods;
			sourceTree = "<group>";
		};
		C1DE064BC00740E057D27DE9 /* Frameworks */ = {
			isa = PBXGroup;
			children = (
				7BF0F46E1DF3798900285298 /* SDWebImage.framework */,
				7BF0F45F1DF3316000285298 /* SwiftyVK.framework */,
				3C680469C18A3008203EE1E9 /* Pods_socialMilk.framework */,
			);
			name = Frameworks;
			sourceTree = "<group>";
		};
/* End PBXGroup section */

/* Begin PBXNativeTarget section */
		7BF0F4351DF1E50B00285298 /* socialMilk */ = {
			isa = PBXNativeTarget;
			buildConfigurationList = 7BF0F4481DF1E50B00285298 /* Build configuration list for PBXNativeTarget "socialMilk" */;
			buildPhases = (
				E9EE3D622EB6F58B2C4EB007 /* [CP] Check Pods Manifest.lock */,
				7BF0F4321DF1E50B00285298 /* Sources */,
				7BF0F4331DF1E50B00285298 /* Frameworks */,
				7BF0F4341DF1E50B00285298 /* Resources */,
				B44DB497F5FFF3EEF13F4641 /* [CP] Embed Pods Frameworks */,
				88A3DA3484ED0AB27D813E7C /* [CP] Copy Pods Resources */,
			);
			buildRules = (
			);
			dependencies = (
			);
			name = socialMilk;
			productName = socialMilk;
			productReference = 7BF0F4361DF1E50B00285298 /* socialMilk.app */;
			productType = "com.apple.product-type.application";
		};
/* End PBXNativeTarget section */

/* Begin PBXProject section */
		7BF0F42E1DF1E50B00285298 /* Project object */ = {
			isa = PBXProject;
			attributes = {
				LastSwiftUpdateCheck = 0810;
				LastUpgradeCheck = 0810;
				ORGANIZATIONNAME = "Kirill Averyanov";
				TargetAttributes = {
					7BF0F4351DF1E50B00285298 = {
						CreatedOnToolsVersion = 8.1;
						DevelopmentTeam = KH2KDZEEE3;
						ProvisioningStyle = Automatic;
					};
				};
			};
			buildConfigurationList = 7BF0F4311DF1E50B00285298 /* Build configuration list for PBXProject "socialMilk" */;
			compatibilityVersion = "Xcode 3.2";
			developmentRegion = English;
			hasScannedForEncodings = 0;
			knownRegions = (
				en,
				Base,
			);
			mainGroup = 7BF0F42D1DF1E50B00285298;
			productRefGroup = 7BF0F4371DF1E50B00285298 /* Products */;
			projectDirPath = "";
			projectRoot = "";
			targets = (
				7BF0F4351DF1E50B00285298 /* socialMilk */,
			);
		};
/* End PBXProject section */

/* Begin PBXResourcesBuildPhase section */
		7BF0F4341DF1E50B00285298 /* Resources */ = {
			isa = PBXResourcesBuildPhase;
			buildActionMask = 2147483647;
			files = (
				7BF0F4441DF1E50B00285298 /* LaunchScreen.storyboard in Resources */,
				7BF0F4691DF35D2900285298 /* GroupsTableViewCell.xib in Resources */,
				7BF0F4581DF2036800285298 /* ChatTableViewCell.xib in Resources */,
				7BF0F45C1DF2038000285298 /* MessageTableViewCell.xib in Resources */,
				7BF0F4411DF1E50B00285298 /* Assets.xcassets in Resources */,
				7BF0F43F1DF1E50B00285298 /* Main.storyboard in Resources */,
			);
			runOnlyForDeploymentPostprocessing = 0;
		};
/* End PBXResourcesBuildPhase section */

/* Begin PBXShellScriptBuildPhase section */
		88A3DA3484ED0AB27D813E7C /* [CP] Copy Pods Resources */ = {
			isa = PBXShellScriptBuildPhase;
			buildActionMask = 2147483647;
			files = (
			);
			inputPaths = (
			);
			name = "[CP] Copy Pods Resources";
			outputPaths = (
			);
			runOnlyForDeploymentPostprocessing = 0;
			shellPath = /bin/sh;
			shellScript = "\"${SRCROOT}/Pods/Target Support Files/Pods-socialMilk/Pods-socialMilk-resources.sh\"\n";
			showEnvVarsInLog = 0;
		};
		B44DB497F5FFF3EEF13F4641 /* [CP] Embed Pods Frameworks */ = {
			isa = PBXShellScriptBuildPhase;
			buildActionMask = 2147483647;
			files = (
			);
			inputPaths = (
			);
			name = "[CP] Embed Pods Frameworks";
			outputPaths = (
			);
			runOnlyForDeploymentPostprocessing = 0;
			shellPath = /bin/sh;
			shellScript = "\"${SRCROOT}/Pods/Target Support Files/Pods-socialMilk/Pods-socialMilk-frameworks.sh\"\n";
			showEnvVarsInLog = 0;
		};
		E9EE3D622EB6F58B2C4EB007 /* [CP] Check Pods Manifest.lock */ = {
			isa = PBXShellScriptBuildPhase;
			buildActionMask = 2147483647;
			files = (
			);
			inputPaths = (
			);
			name = "[CP] Check Pods Manifest.lock";
			outputPaths = (
			);
			runOnlyForDeploymentPostprocessing = 0;
			shellPath = /bin/sh;
			shellScript = "diff \"${PODS_ROOT}/../Podfile.lock\" \"${PODS_ROOT}/Manifest.lock\" > /dev/null\nif [ $? != 0 ] ; then\n    # print error to STDERR\n    echo \"error: The sandbox is not in sync with the Podfile.lock. Run 'pod install' or update your CocoaPods installation.\" >&2\n    exit 1\nfi\n";
			showEnvVarsInLog = 0;
		};
/* End PBXShellScriptBuildPhase section */

/* Begin PBXSourcesBuildPhase section */
		7BF0F4321DF1E50B00285298 /* Sources */ = {
			isa = PBXSourcesBuildPhase;
			buildActionMask = 2147483647;
			files = (
				7BF0F43C1DF1E50B00285298 /* AppsViewController.swift in Sources */,
				7BF0F4621DF3327900285298 /* Constants.swift in Sources */,
				7BF0F4501DF1EE9A00285298 /* ChatVKViewController.swift in Sources */,
				7BF0F45E1DF3314F00285298 /* VKManager.swift in Sources */,
				7BF0F4641DF3516A00285298 /* VKChooseViewController.swift in Sources */,
				7BF0F45B1DF2038000285298 /* MessageTableViewCell.swift in Sources */,
				7BF0F44C1DF1E80000285298 /* ChatsViewController.swift in Sources */,
				7BF0F4681DF35D2900285298 /* GroupsTableViewCell.swift in Sources */,
				7BF0F43A1DF1E50B00285298 /* AppDelegate.swift in Sources */,
				7BF0F46B1DF36B1F00285298 /* ChooseGroupClass.swift in Sources */,
				7BF0F4541DF1F48500285298 /* MessageClass.swift in Sources */,
				7BF0F4571DF2036800285298 /* ChatTableViewCell.swift in Sources */,
				7BF0F4521DF1F42400285298 /* ChatClass.swift in Sources */,
				7BF0F44E1DF1EA9D00285298 /* SettingsViewController.swift in Sources */,
				7B2EE7A41DF46E34009F6968 /* WorkingVk.swift in Sources */,
			);
			runOnlyForDeploymentPostprocessing = 0;
		};
/* End PBXSourcesBuildPhase section */

/* Begin PBXVariantGroup section */
		7BF0F43D1DF1E50B00285298 /* Main.storyboard */ = {
			isa = PBXVariantGroup;
			children = (
				7BF0F43E1DF1E50B00285298 /* Base */,
			);
			name = Main.storyboard;
			sourceTree = "<group>";
		};
		7BF0F4421DF1E50B00285298 /* LaunchScreen.storyboard */ = {
			isa = PBXVariantGroup;
			children = (
				7BF0F4431DF1E50B00285298 /* Base */,
			);
			name = LaunchScreen.storyboard;
			sourceTree = "<group>";
		};
/* End PBXVariantGroup section */

/* Begin XCBuildConfiguration section */
		7BF0F4461DF1E50B00285298 /* Debug */ = {
			isa = XCBuildConfiguration;
			buildSettings = {
				ALWAYS_SEARCH_USER_PATHS = NO;
				CLANG_ANALYZER_NONNULL = YES;
				CLANG_CXX_LANGUAGE_STANDARD = "gnu++0x";
				CLANG_CXX_LIBRARY = "libc++";
				CLANG_ENABLE_MODULES = YES;
				CLANG_ENABLE_OBJC_ARC = YES;
				CLANG_WARN_BOOL_CONVERSION = YES;
				CLANG_WARN_CONSTANT_CONVERSION = YES;
				CLANG_WARN_DIRECT_OBJC_ISA_USAGE = YES_ERROR;
				CLANG_WARN_DOCUMENTATION_COMMENTS = YES;
				CLANG_WARN_EMPTY_BODY = YES;
				CLANG_WARN_ENUM_CONVERSION = YES;
				CLANG_WARN_INFINITE_RECURSION = YES;
				CLANG_WARN_INT_CONVERSION = YES;
				CLANG_WARN_OBJC_ROOT_CLASS = YES_ERROR;
				CLANG_WARN_SUSPICIOUS_MOVES = YES;
				CLANG_WARN_UNREACHABLE_CODE = YES;
				CLANG_WARN__DUPLICATE_METHOD_MATCH = YES;
				"CODE_SIGN_IDENTITY[sdk=iphoneos*]" = "iPhone Developer";
				COPY_PHASE_STRIP = NO;
				DEBUG_INFORMATION_FORMAT = dwarf;
				ENABLE_STRICT_OBJC_MSGSEND = YES;
				ENABLE_TESTABILITY = YES;
				GCC_C_LANGUAGE_STANDARD = gnu99;
				GCC_DYNAMIC_NO_PIC = NO;
				GCC_NO_COMMON_BLOCKS = YES;
				GCC_OPTIMIZATION_LEVEL = 0;
				GCC_PREPROCESSOR_DEFINITIONS = (
					"DEBUG=1",
					"$(inherited)",
				);
				GCC_WARN_64_TO_32_BIT_CONVERSION = YES;
				GCC_WARN_ABOUT_RETURN_TYPE = YES_ERROR;
				GCC_WARN_UNDECLARED_SELECTOR = YES;
				GCC_WARN_UNINITIALIZED_AUTOS = YES_AGGRESSIVE;
				GCC_WARN_UNUSED_FUNCTION = YES;
				GCC_WARN_UNUSED_VARIABLE = YES;
				IPHONEOS_DEPLOYMENT_TARGET = 10.1;
				MTL_ENABLE_DEBUG_INFO = YES;
				ONLY_ACTIVE_ARCH = YES;
				SDKROOT = iphoneos;
				SWIFT_ACTIVE_COMPILATION_CONDITIONS = DEBUG;
				SWIFT_OPTIMIZATION_LEVEL = "-Onone";
				TARGETED_DEVICE_FAMILY = "1,2";
			};
			name = Debug;
		};
		7BF0F4471DF1E50B00285298 /* Release */ = {
			isa = XCBuildConfiguration;
			buildSettings = {
				ALWAYS_SEARCH_USER_PATHS = NO;
				CLANG_ANALYZER_NONNULL = YES;
				CLANG_CXX_LANGUAGE_STANDARD = "gnu++0x";
				CLANG_CXX_LIBRARY = "libc++";
				CLANG_ENABLE_MODULES = YES;
				CLANG_ENABLE_OBJC_ARC = YES;
				CLANG_WARN_BOOL_CONVERSION = YES;
				CLANG_WARN_CONSTANT_CONVERSION = YES;
				CLANG_WARN_DIRECT_OBJC_ISA_USAGE = YES_ERROR;
				CLANG_WARN_DOCUMENTATION_COMMENTS = YES;
				CLANG_WARN_EMPTY_BODY = YES;
				CLANG_WARN_ENUM_CONVERSION = YES;
				CLANG_WARN_INFINITE_RECURSION = YES;
				CLANG_WARN_INT_CONVERSION = YES;
				CLANG_WARN_OBJC_ROOT_CLASS = YES_ERROR;
				CLANG_WARN_SUSPICIOUS_MOVES = YES;
				CLANG_WARN_UNREACHABLE_CODE = YES;
				CLANG_WARN__DUPLICATE_METHOD_MATCH = YES;
				"CODE_SIGN_IDENTITY[sdk=iphoneos*]" = "iPhone Developer";
				COPY_PHASE_STRIP = NO;
				DEBUG_INFORMATION_FORMAT = "dwarf-with-dsym";
				ENABLE_NS_ASSERTIONS = NO;
				ENABLE_STRICT_OBJC_MSGSEND = YES;
				GCC_C_LANGUAGE_STANDARD = gnu99;
				GCC_NO_COMMON_BLOCKS = YES;
				GCC_WARN_64_TO_32_BIT_CONVERSION = YES;
				GCC_WARN_ABOUT_RETURN_TYPE = YES_ERROR;
				GCC_WARN_UNDECLARED_SELECTOR = YES;
				GCC_WARN_UNINITIALIZED_AUTOS = YES_AGGRESSIVE;
				GCC_WARN_UNUSED_FUNCTION = YES;
				GCC_WARN_UNUSED_VARIABLE = YES;
				IPHONEOS_DEPLOYMENT_TARGET = 10.1;
				MTL_ENABLE_DEBUG_INFO = NO;
				SDKROOT = iphoneos;
				SWIFT_OPTIMIZATION_LEVEL = "-Owholemodule";
				TARGETED_DEVICE_FAMILY = "1,2";
				VALIDATE_PRODUCT = YES;
			};
			name = Release;
		};
		7BF0F4491DF1E50B00285298 /* Debug */ = {
			isa = XCBuildConfiguration;
			baseConfigurationReference = F6C580B4AE3B5A14E39255DD /* Pods-socialMilk.debug.xcconfig */;
			buildSettings = {
				ASSETCATALOG_COMPILER_APPICON_NAME = AppIcon;
				DEVELOPMENT_TEAM = KH2KDZEEE3;
				INFOPLIST_FILE = socialMilk/Info.plist;
				LD_RUNPATH_SEARCH_PATHS = "$(inherited) @executable_path/Frameworks";
				PRODUCT_BUNDLE_IDENTIFIER = com.kirillzzy.socialMilk;
				PRODUCT_NAME = "$(TARGET_NAME)";
				SWIFT_VERSION = 3.0;
			};
			name = Debug;
		};
		7BF0F44A1DF1E50B00285298 /* Release */ = {
			isa = XCBuildConfiguration;
			baseConfigurationReference = C8483424513B008EF6C051F9 /* Pods-socialMilk.release.xcconfig */;
			buildSettings = {
				ASSETCATALOG_COMPILER_APPICON_NAME = AppIcon;
				DEVELOPMENT_TEAM = KH2KDZEEE3;
				INFOPLIST_FILE = socialMilk/Info.plist;
				LD_RUNPATH_SEARCH_PATHS = "$(inherited) @executable_path/Frameworks";
				PRODUCT_BUNDLE_IDENTIFIER = com.kirillzzy.socialMilk;
				PRODUCT_NAME = "$(TARGET_NAME)";
				SWIFT_VERSION = 3.0;
			};
			name = Release;
		};
/* End XCBuildConfiguration section */

/* Begin XCConfigurationList section */
		7BF0F4311DF1E50B00285298 /* Build configuration list for PBXProject "socialMilk" */ = {
			isa = XCConfigurationList;
			buildConfigurations = (
				7BF0F4461DF1E50B00285298 /* Debug */,
				7BF0F4471DF1E50B00285298 /* Release */,
			);
			defaultConfigurationIsVisible = 0;
			defaultConfigurationName = Release;
		};
		7BF0F4481DF1E50B00285298 /* Build configuration list for PBXNativeTarget "socialMilk" */ = {
			isa = XCConfigurationList;
			buildConfigurations = (
				7BF0F4491DF1E50B00285298 /* Debug */,
				7BF0F44A1DF1E50B00285298 /* Release */,
			);
			defaultConfigurationIsVisible = 0;
			defaultConfigurationName = Release;
		};
/* End XCConfigurationList section */
	};
	rootObject = 7BF0F42E1DF1E50B00285298 /* Project object */;
}
